PODS:
  - AFNetworking (3.1.0):
    - AFNetworking/NSURLSession (= 3.1.0)
    - AFNetworking/Reachability (= 3.1.0)
    - AFNetworking/Security (= 3.1.0)
    - AFNetworking/Serialization (= 3.1.0)
    - AFNetworking/UIKit (= 3.1.0)
  - AFNetworking/NSURLSession (3.1.0):
    - AFNetworking/Reachability
    - AFNetworking/Security
    - AFNetworking/Serialization
  - AFNetworking/Reachability (3.1.0)
  - AFNetworking/Security (3.1.0)
  - AFNetworking/Serialization (3.1.0)
  - HappyDNS (0.3.10)
  - MASShortcut (2.3.6)
  - Qiniu (7.1.4):
    - AFNetworking (~> 3)
    - HappyDNS (~> 0.3)

DEPENDENCIES:
  - MASShortcut
  - Qiniu (~> 7.1)

SPEC CHECKSUMS:
  AFNetworking: 5e0e199f73d8626b11e79750991f5d173d1f8b67
  HappyDNS: 06a9fed2796663fd87626dbf02552933265bf059
  MASShortcut: 9c215e8a8a78f3d01ce56da48e2730ab66b538fa
  Qiniu: a4c962782035ee25b9da3e195181d8c384bb75be

PODFILE CHECKSUM: 2570733f926fc3cb70e44206c7e36b6ccf06f3c3

COCOAPODS: 1.1.1
