// !$*UTF8*$!
{
	archiveVersion = 1;
	classes = {
	};
	objectVersion = 46;
	objects = {

/* Begin PBXBuildFile section */
		255957F01E1BD2A600B8469E /* AppDelegate.swift in Sources */ = {isa = PBXBuildFile; fileRef = 255957EF1E1BD2A600B8469E /* AppDelegate.swift */; };
		255957F21E1BD2A600B8469E /* Assets.xcassets in Resources */ = {isa = PBXBuildFile; fileRef = 255957F11E1BD2A600B8469E /* Assets.xcassets */; };
		255957F51E1BD2A600B8469E /* MainMenu.xib in Resources */ = {isa = PBXBuildFile; fileRef = 255957F31E1BD2A600B8469E /* MainMenu.xib */; };
/* End PBXBuildFile section */

/* Begin PBXFileReference section */
		255957EC1E1BD2A600B8469E /* cuImage.app */ = {isa = PBXFileReference; explicitFileType = wrapper.application; includeInIndex = 0; path = cuImage.app; sourceTree = BUILT_PRODUCTS_DIR; };
		255957EF1E1BD2A600B8469E /* AppDelegate.swift */ = {isa = PBXFileReference; lastKnownFileType = sourcecode.swift; path = AppDelegate.swift; sourceTree = "<group>"; };
		255957F11E1BD2A600B8469E /* Assets.xcassets */ = {isa = PBXFileReference; lastKnownFileType = folder.assetcatalog; path = Assets.xcassets; sourceTree = "<group>"; };
		255957F41E1BD2A600B8469E /* Base */ = {isa = PBXFileReference; lastKnownFileType = file.xib; name = Base; path = Base.lproj/MainMenu.xib; sourceTree = "<group>"; };
		255957F61E1BD2A600B8469E /* Info.plist */ = {isa = PBXFileReference; lastKnownFileType = text.plist.xml; path = Info.plist; sourceTree = "<group>"; };
/* End PBXFileReference section */

/* Begin PBXFrameworksBuildPhase section */
		255957E91E1BD2A500B8469E /* Frameworks */ = {
			isa = PBXFrameworksBuildPhase;
			buildActionMask = 2147483647;
			files = (
			);
			runOnlyForDeploymentPostprocessing = 0;
		};
/* End PBXFrameworksBuildPhase section */

/* Begin PBXGroup section */
		255957E31E1BD2A500B8469E = {
			isa = PBXGroup;
			children = (
				255957EE1E1BD2A600B8469E /* cuImage */,
				255957ED1E1BD2A600B8469E /* Products */,
			);
			sourceTree = "<group>";
		};
		255957ED1E1BD2A600B8469E /* Products */ = {
			isa = PBXGroup;
			children = (
				255957EC1E1BD2A600B8469E /* cuImage.app */,
			);
			name = Products;
			sourceTree = "<group>";
		};
		255957EE1E1BD2A600B8469E /* cuImage */ = {
			isa = PBXGroup;
			children = (
				255957FE1E1BD70F00B8469E /* Application */,
				255957FF1E1BD72400B8469E /* Supporting Files */,
			);
			path = cuImage;
			sourceTree = "<group>";
		};
		255957FE1E1BD70F00B8469E /* Application */ = {
			isa = PBXGroup;
			children = (
				255957EF1E1BD2A600B8469E /* AppDelegate.swift */,
				255957F31E1BD2A600B8469E /* MainMenu.xib */,
			);
			name = Application;
			sourceTree = "<group>";
		};
		255957FF1E1BD72400B8469E /* Supporting Files */ = {
			isa = PBXGroup;
			children = (
				255957F11E1BD2A600B8469E /* Assets.xcassets */,
				255957F61E1BD2A600B8469E /* Info.plist */,
			);
			name = "Supporting Files";
			sourceTree = "<group>";
		};
/* End PBXGroup section */

/* Begin PBXNativeTarget section */
		255957EB1E1BD2A500B8469E /* cuImage */ = {
			isa = PBXNativeTarget;
			buildConfigurationList = 255957F91E1BD2A600B8469E /* Build configuration list for PBXNativeTarget "cuImage" */;
			buildPhases = (
				255957E81E1BD2A500B8469E /* Sources */,
				255957E91E1BD2A500B8469E /* Frameworks */,
				255957EA1E1BD2A500B8469E /* Resources */,
			);
			buildRules = (
			);
			dependencies = (
			);
			name = cuImage;
			productName = cuImage;
			productReference = 255957EC1E1BD2A600B8469E /* cuImage.app */;
			productType = "com.apple.product-type.application";
		};
/* End PBXNativeTarget section */

/* Begin PBXProject section */
		255957E41E1BD2A500B8469E /* Project object */ = {
			isa = PBXProject;
			attributes = {
				LastSwiftUpdateCheck = 0820;
				LastUpgradeCheck = 0820;
				ORGANIZATIONNAME = HuLizhen;
				TargetAttributes = {
					255957EB1E1BD2A500B8469E = {
						CreatedOnToolsVersion = 8.2.1;
						DevelopmentTeam = 6S532ZPWTN;
						ProvisioningStyle = Automatic;
					};
				};
			};
			buildConfigurationList = 255957E71E1BD2A500B8469E /* Build configuration list for PBXProject "cuImage" */;
			compatibilityVersion = "Xcode 3.2";
			developmentRegion = English;
			hasScannedForEncodings = 0;
			knownRegions = (
				en,
				Base,
			);
			mainGroup = 255957E31E1BD2A500B8469E;
			productRefGroup = 255957ED1E1BD2A600B8469E /* Products */;
			projectDirPath = "";
			projectRoot = "";
			targets = (
				255957EB1E1BD2A500B8469E /* cuImage */,
			);
		};
/* End PBXProject section */

/* Begin PBXResourcesBuildPhase section */
		255957EA1E1BD2A500B8469E /* Resources */ = {
			isa = PBXResourcesBuildPhase;
			buildActionMask = 2147483647;
			files = (
				255957F21E1BD2A600B8469E /* Assets.xcassets in Resources */,
				255957F51E1BD2A600B8469E /* MainMenu.xib in Resources */,
			);
			runOnlyForDeploymentPostprocessing = 0;
		};
/* End PBXResourcesBuildPhase section */

/* Begin PBXSourcesBuildPhase section */
		255957E81E1BD2A500B8469E /* Sources */ = {
			isa = PBXSourcesBuildPhase;
			buildActionMask = 2147483647;
			files = (
				255957F01E1BD2A600B8469E /* AppDelegate.swift in Sources */,
			);
			runOnlyForDeploymentPostprocessing = 0;
		};
/* End PBXSourcesBuildPhase section */

/* Begin PBXVariantGroup section */
		255957F31E1BD2A600B8469E /* MainMenu.xib */ = {
			isa = PBXVariantGroup;
			children = (
				255957F41E1BD2A600B8469E /* Base */,
			);
			name = MainMenu.xib;
			sourceTree = "<group>";
		};
/* End PBXVariantGroup section */

/* Begin XCBuildConfiguration section */
		255957F71E1BD2A600B8469E /* Debug */ = {
			isa = XCBuildConfiguration;
			buildSettings = {
				ALWAYS_SEARCH_USER_PATHS = NO;
				CLANG_ANALYZER_NONNULL = YES;
				CLANG_CXX_LANGUAGE_STANDARD = "gnu++0x";
				CLANG_CXX_LIBRARY = "libc++";
				CLANG_ENABLE_MODULES = YES;
				CLANG_ENABLE_OBJC_ARC = YES;
				CLANG_WARN_BOOL_CONVERSION = YES;
				CLANG_WARN_CONSTANT_CONVERSION = YES;
				CLANG_WARN_DIRECT_OBJC_ISA_USAGE = YES_ERROR;
				CLANG_WARN_DOCUMENTATION_COMMENTS = YES;
				CLANG_WARN_EMPTY_BODY = YES;
				CLANG_WARN_ENUM_CONVERSION = YES;
				CLANG_WARN_INFINITE_RECURSION = YES;
				CLANG_WARN_INT_CONVERSION = YES;
				CLANG_WARN_OBJC_ROOT_CLASS = YES_ERROR;
				CLANG_WARN_SUSPICIOUS_MOVE = YES;
				CLANG_WARN_UNREACHABLE_CODE = YES;
				CLANG_WARN__DUPLICATE_METHOD_MATCH = YES;
				CODE_SIGN_IDENTITY = "-";
				COPY_PHASE_STRIP = NO;
				DEBUG_INFORMATION_FORMAT = dwarf;
				ENABLE_STRICT_OBJC_MSGSEND = YES;
				ENABLE_TESTABILITY = YES;
				GCC_C_LANGUAGE_STANDARD = gnu99;
				GCC_DYNAMIC_NO_PIC = NO;
				GCC_NO_COMMON_BLOCKS = YES;
				GCC_OPTIMIZATION_LEVEL = 0;
				GCC_PREPROCESSOR_DEFINITIONS = (
					"DEBUG=1",
					"$(inherited)",
				);
				GCC_WARN_64_TO_32_BIT_CONVERSION = YES;
				GCC_WARN_ABOUT_RETURN_TYPE = YES_ERROR;
				GCC_WARN_UNDECLARED_SELECTOR = YES;
				GCC_WARN_UNINITIALIZED_AUTOS = YES_AGGRESSIVE;
				GCC_WARN_UNUSED_FUNCTION = YES;
				GCC_WARN_UNUSED_VARIABLE = YES;
				MACOSX_DEPLOYMENT_TARGET = 10.10;
				MTL_ENABLE_DEBUG_INFO = YES;
				ONLY_ACTIVE_ARCH = YES;
				SDKROOT = macosx;
				SWIFT_ACTIVE_COMPILATION_CONDITIONS = DEBUG;
				SWIFT_OPTIMIZATION_LEVEL = "-Onone";
			};
			name = Debug;
		};
		255957F81E1BD2A600B8469E /* Release */ = {
			isa = XCBuildConfiguration;
			buildSettings = {
				ALWAYS_SEARCH_USER_PATHS = NO;
				CLANG_ANALYZER_NONNULL = YES;
				CLANG_CXX_LANGUAGE_STANDARD = "gnu++0x";
				CLANG_CXX_LIBRARY = "libc++";
				CLANG_ENABLE_MODULES = YES;
				CLANG_ENABLE_OBJC_ARC = YES;
				CLANG_WARN_BOOL_CONVERSION = YES;
				CLANG_WARN_CONSTANT_CONVERSION = YES;
				CLANG_WARN_DIRECT_OBJC_ISA_USAGE = YES_ERROR;
				CLANG_WARN_DOCUMENTATION_COMMENTS = YES;
				CLANG_WARN_EMPTY_BODY = YES;
				CLANG_WARN_ENUM_CONVERSION = YES;
				CLANG_WARN_INFINITE_RECURSION = YES;
				CLANG_WARN_INT_CONVERSION = YES;
				CLANG_WARN_OBJC_ROOT_CLASS = YES_ERROR;
				CLANG_WARN_SUSPICIOUS_MOVE = YES;
				CLANG_WARN_UNREACHABLE_CODE = YES;
				CLANG_WARN__DUPLICATE_METHOD_MATCH = YES;
				CODE_SIGN_IDENTITY = "-";
				COPY_PHASE_STRIP = NO;
				DEBUG_INFORMATION_FORMAT = "dwarf-with-dsym";
				ENABLE_NS_ASSERTIONS = NO;
				ENABLE_STRICT_OBJC_MSGSEND = YES;
				GCC_C_LANGUAGE_STANDARD = gnu99;
				GCC_NO_COMMON_BLOCKS = YES;
				GCC_WARN_64_TO_32_BIT_CONVERSION = YES;
				GCC_WARN_ABOUT_RETURN_TYPE = YES_ERROR;
				GCC_WARN_UNDECLARED_SELECTOR = YES;
				GCC_WARN_UNINITIALIZED_AUTOS = YES_AGGRESSIVE;
				GCC_WARN_UNUSED_FUNCTION = YES;
				GCC_WARN_UNUSED_VARIABLE = YES;
				MACOSX_DEPLOYMENT_TARGET = 10.10;
				MTL_ENABLE_DEBUG_INFO = NO;
				SDKROOT = macosx;
				SWIFT_OPTIMIZATION_LEVEL = "-Owholemodule";
			};
			name = Release;
		};
		255957FA1E1BD2A600B8469E /* Debug */ = {
			isa = XCBuildConfiguration;
			buildSettings = {
				ASSETCATALOG_COMPILER_APPICON_NAME = AppIcon;
				CODE_SIGN_IDENTITY = "Mac Developer";
				COMBINE_HIDPI_IMAGES = YES;
				DEVELOPMENT_TEAM = 6S532ZPWTN;
				INFOPLIST_FILE = cuImage/Info.plist;
				LD_RUNPATH_SEARCH_PATHS = "$(inherited) @executable_path/../Frameworks";
				MACOSX_DEPLOYMENT_TARGET = 10.10;
				PRODUCT_BUNDLE_IDENTIFIER = com.hulizhen.cuImage;
				PRODUCT_NAME = "$(TARGET_NAME)";
				SWIFT_VERSION = 3.0;
			};
			name = Debug;
		};
		255957FB1E1BD2A600B8469E /* Release */ = {
			isa = XCBuildConfiguration;
			buildSettings = {
				ASSETCATALOG_COMPILER_APPICON_NAME = AppIcon;
				CODE_SIGN_IDENTITY = "Mac Developer";
				COMBINE_HIDPI_IMAGES = YES;
				DEVELOPMENT_TEAM = 6S532ZPWTN;
				INFOPLIST_FILE = cuImage/Info.plist;
				LD_RUNPATH_SEARCH_PATHS = "$(inherited) @executable_path/../Frameworks";
				MACOSX_DEPLOYMENT_TARGET = 10.10;
				PRODUCT_BUNDLE_IDENTIFIER = com.hulizhen.cuImage;
				PRODUCT_NAME = "$(TARGET_NAME)";
				SWIFT_VERSION = 3.0;
			};
			name = Release;
		};
/* End XCBuildConfiguration section */

/* Begin XCConfigurationList section */
		255957E71E1BD2A500B8469E /* Build configuration list for PBXProject "cuImage" */ = {
			isa = XCConfigurationList;
			buildConfigurations = (
				255957F71E1BD2A600B8469E /* Debug */,
				255957F81E1BD2A600B8469E /* Release */,
			);
			defaultConfigurationIsVisible = 0;
			defaultConfigurationName = Release;
		};
		255957F91E1BD2A600B8469E /* Build configuration list for PBXNativeTarget "cuImage" */ = {
			isa = XCConfigurationList;
			buildConfigurations = (
				255957FA1E1BD2A600B8469E /* Debug */,
				255957FB1E1BD2A600B8469E /* Release */,
			);
			defaultConfigurationIsVisible = 0;
		};
/* End XCConfigurationList section */
	};
	rootObject = 255957E41E1BD2A500B8469E /* Project object */;
}
