// !$*UTF8*$!
{
	archiveVersion = 1;
	classes = {
	};
	objectVersion = 46;
	objects = {

/* Begin PBXBuildFile section */
		250B7E311E24FEC00095FAEA /* Constants.swift in Sources */ = {isa = PBXBuildFile; fileRef = 250B7E301E24FEC00095FAEA /* Constants.swift */; };
		25130C4B1E20E0C700830B3F /* AppDelegate.swift in Sources */ = {isa = PBXBuildFile; fileRef = 25130C4A1E20E0C700830B3F /* AppDelegate.swift */; };
		25130C4D1E20E0C700830B3F /* Assets.xcassets in Resources */ = {isa = PBXBuildFile; fileRef = 25130C4C1E20E0C700830B3F /* Assets.xcassets */; };
		25130C501E20E0C700830B3F /* MainMenu.xib in Resources */ = {isa = PBXBuildFile; fileRef = 25130C4E1E20E0C700830B3F /* MainMenu.xib */; };
		2518C9311E221F45000F32DC /* MASShortcut+Convenience.swift in Sources */ = {isa = PBXBuildFile; fileRef = 2518C9301E221F45000F32DC /* MASShortcut+Convenience.swift */; };
		25577DFB1E1FE1FE0091735A /* BasePreferencesViewController.swift in Sources */ = {isa = PBXBuildFile; fileRef = 25577DFA1E1FE1FE0091735A /* BasePreferencesViewController.swift */; };
		25577E041E2088270091735A /* Utilities.swift in Sources */ = {isa = PBXBuildFile; fileRef = 25577E031E2088270091735A /* Utilities.swift */; };
		25577E071E20886C0091735A /* BaseWindowController.swift in Sources */ = {isa = PBXBuildFile; fileRef = 25577E061E20886C0091735A /* BaseWindowController.swift */; };
		255957F01E1BD2A600B8469E /* AppDelegate.swift in Sources */ = {isa = PBXBuildFile; fileRef = 255957EF1E1BD2A600B8469E /* AppDelegate.swift */; };
		255957F21E1BD2A600B8469E /* Assets.xcassets in Resources */ = {isa = PBXBuildFile; fileRef = 255957F11E1BD2A600B8469E /* Assets.xcassets */; };
		255957F51E1BD2A600B8469E /* MainMenu.xib in Resources */ = {isa = PBXBuildFile; fileRef = 255957F31E1BD2A600B8469E /* MainMenu.xib */; };
		255958031E1BD77100B8469E /* StatusItemController.swift in Sources */ = {isa = PBXBuildFile; fileRef = 255958021E1BD77100B8469E /* StatusItemController.swift */; };
		255958051E1BD78500B8469E /* StatusItemController.xib in Resources */ = {isa = PBXBuildFile; fileRef = 255958041E1BD78500B8469E /* StatusItemController.xib */; };
		255958121E1BDDD900B8469E /* AboutWindowController.swift in Sources */ = {isa = PBXBuildFile; fileRef = 255958101E1BDDD900B8469E /* AboutWindowController.swift */; };
		255958131E1BDDD900B8469E /* AboutWindowController.xib in Resources */ = {isa = PBXBuildFile; fileRef = 255958111E1BDDD900B8469E /* AboutWindowController.xib */; };
		2559581A1E1BE00400B8469E /* GeneralPreferencesViewController.swift in Sources */ = {isa = PBXBuildFile; fileRef = 255958161E1BE00400B8469E /* GeneralPreferencesViewController.swift */; };
		2559581B1E1BE00400B8469E /* GeneralPreferencesViewController.xib in Resources */ = {isa = PBXBuildFile; fileRef = 255958171E1BE00400B8469E /* GeneralPreferencesViewController.xib */; };
		255958211E1BE03800B8469E /* PreferencesWindowController.swift in Sources */ = {isa = PBXBuildFile; fileRef = 2559581F1E1BE03800B8469E /* PreferencesWindowController.swift */; };
		255958221E1BE03800B8469E /* PreferencesWindowController.xib in Resources */ = {isa = PBXBuildFile; fileRef = 255958201E1BE03800B8469E /* PreferencesWindowController.xib */; };
		255958281E1BE46900B8469E /* ShortcutsPreferencesViewController.swift in Sources */ = {isa = PBXBuildFile; fileRef = 255958261E1BE46900B8469E /* ShortcutsPreferencesViewController.swift */; };
		255958291E1BE46900B8469E /* ShortcutsPreferencesViewController.xib in Resources */ = {isa = PBXBuildFile; fileRef = 255958271E1BE46900B8469E /* ShortcutsPreferencesViewController.xib */; };
		255958311E1BE8E800B8469E /* HostsPreferencesViewController.swift in Sources */ = {isa = PBXBuildFile; fileRef = 2559582F1E1BE8E800B8469E /* HostsPreferencesViewController.swift */; };
		255958321E1BE8E800B8469E /* HostsPreferencesViewController.xib in Resources */ = {isa = PBXBuildFile; fileRef = 255958301E1BE8E800B8469E /* HostsPreferencesViewController.xib */; };
		2559583A1E1BECCF00B8469E /* Host.swift in Sources */ = {isa = PBXBuildFile; fileRef = 255958381E1BECCF00B8469E /* Host.swift */; };
		2559583B1E1BECCF00B8469E /* QiniuHost.swift in Sources */ = {isa = PBXBuildFile; fileRef = 255958391E1BECCF00B8469E /* QiniuHost.swift */; };
		2559583E1E1BED4300B8469E /* Date+Formatter.swift in Sources */ = {isa = PBXBuildFile; fileRef = 2559583D1E1BED4300B8469E /* Date+Formatter.swift */; };
		255958411E1BED5E00B8469E /* Data+Base64.swift in Sources */ = {isa = PBXBuildFile; fileRef = 255958401E1BED5E00B8469E /* Data+Base64.swift */; };
		255958431E1BED7000B8469E /* String+Crypto.swift in Sources */ = {isa = PBXBuildFile; fileRef = 255958421E1BED7000B8469E /* String+Crypto.swift */; };
		255958451E1BED8400B8469E /* NSBitmapImageFileType+String.swift in Sources */ = {isa = PBXBuildFile; fileRef = 255958441E1BED8400B8469E /* NSBitmapImageFileType+String.swift */; };
		255958501E1BEF5300B8469E /* UploadManager.swift in Sources */ = {isa = PBXBuildFile; fileRef = 2559584F1E1BEF5300B8469E /* UploadManager.swift */; };
		255B1D981E1F2873000791EC /* QiniuHostInfoViewController.swift in Sources */ = {isa = PBXBuildFile; fileRef = 255B1D961E1F2873000791EC /* QiniuHostInfoViewController.swift */; };
		255B1D991E1F2873000791EC /* QiniuHostInfoViewController.xib in Resources */ = {isa = PBXBuildFile; fileRef = 255B1D971E1F2873000791EC /* QiniuHostInfoViewController.xib */; };
		255B1D9B1E1F4000000791EC /* Dictionariable.swift in Sources */ = {isa = PBXBuildFile; fileRef = 255B1D9A1E1F4000000791EC /* Dictionariable.swift */; };
		255B1D9E1E1F8AD2000791EC /* ShortcutManager.swift in Sources */ = {isa = PBXBuildFile; fileRef = 255B1D9D1E1F8AD2000791EC /* ShortcutManager.swift */; };
		255B1DA01E1F8B29000791EC /* PreferenceManager.swift in Sources */ = {isa = PBXBuildFile; fileRef = 255B1D9F1E1F8B29000791EC /* PreferenceManager.swift */; };
		256E393D1E24AD5000CA2F5F /* HostInfoViewController.swift in Sources */ = {isa = PBXBuildFile; fileRef = 256E393C1E24AD5000CA2F5F /* HostInfoViewController.swift */; };
		25806C351E228F4B0068DB85 /* NSMenuItem+KeyEquivalent.swift in Sources */ = {isa = PBXBuildFile; fileRef = 25806C341E228F4B0068DB85 /* NSMenuItem+KeyEquivalent.swift */; };
		25BE18091E1E97CA00F7D391 /* QiniuHostInfo.swift in Sources */ = {isa = PBXBuildFile; fileRef = 25BE18081E1E97CA00F7D391 /* QiniuHostInfo.swift */; };
		25DFF6D21E23A0040071F2EC /* cuImageLauncher.app in CopyFiles */ = {isa = PBXBuildFile; fileRef = 25130C481E20E0C700830B3F /* cuImageLauncher.app */; settings = {ATTRIBUTES = (RemoveHeadersOnCopy, ); }; };
		EFCE6B82C9043CEF4A58A0EC /* Pods_cuImage.framework in Frameworks */ = {isa = PBXBuildFile; fileRef = 6C53067A7C1CEBA1D76A5189 /* Pods_cuImage.framework */; };
/* End PBXBuildFile section */

/* Begin PBXCopyFilesBuildPhase section */
		250CFA121E20BBFA009B4F0A /* CopyFiles */ = {
			isa = PBXCopyFilesBuildPhase;
			buildActionMask = 12;
			dstPath = Contents/Library/LoginItems;
			dstSubfolderSpec = 1;
			files = (
				25DFF6D21E23A0040071F2EC /* cuImageLauncher.app in CopyFiles */,
			);
			runOnlyForDeploymentPostprocessing = 0;
		};
/* End PBXCopyFilesBuildPhase section */

/* Begin PBXFileReference section */
		250B7E301E24FEC00095FAEA /* Constants.swift */ = {isa = PBXFileReference; fileEncoding = 4; lastKnownFileType = sourcecode.swift; path = Constants.swift; sourceTree = "<group>"; };
		25130C481E20E0C700830B3F /* cuImageLauncher.app */ = {isa = PBXFileReference; explicitFileType = wrapper.application; includeInIndex = 0; path = cuImageLauncher.app; sourceTree = BUILT_PRODUCTS_DIR; };
		25130C4A1E20E0C700830B3F /* AppDelegate.swift */ = {isa = PBXFileReference; lastKnownFileType = sourcecode.swift; path = AppDelegate.swift; sourceTree = "<group>"; };
		25130C4C1E20E0C700830B3F /* Assets.xcassets */ = {isa = PBXFileReference; lastKnownFileType = folder.assetcatalog; path = Assets.xcassets; sourceTree = "<group>"; };
		25130C4F1E20E0C700830B3F /* Base */ = {isa = PBXFileReference; lastKnownFileType = file.xib; name = Base; path = Base.lproj/MainMenu.xib; sourceTree = "<group>"; };
		25130C511E20E0C700830B3F /* Info.plist */ = {isa = PBXFileReference; lastKnownFileType = text.plist.xml; path = Info.plist; sourceTree = "<group>"; };
		2518C9301E221F45000F32DC /* MASShortcut+Convenience.swift */ = {isa = PBXFileReference; fileEncoding = 4; lastKnownFileType = sourcecode.swift; path = "MASShortcut+Convenience.swift"; sourceTree = "<group>"; };
		254834E11E24780F0098C16F /* cuImage.entitlements */ = {isa = PBXFileReference; lastKnownFileType = text.plist.entitlements; path = cuImage.entitlements; sourceTree = "<group>"; };
		254834E21E247A150098C16F /* cuImageLauncher.entitlements */ = {isa = PBXFileReference; lastKnownFileType = text.plist.entitlements; path = cuImageLauncher.entitlements; sourceTree = "<group>"; };
		25577DFA1E1FE1FE0091735A /* BasePreferencesViewController.swift */ = {isa = PBXFileReference; fileEncoding = 4; lastKnownFileType = sourcecode.swift; path = BasePreferencesViewController.swift; sourceTree = "<group>"; };
		25577E031E2088270091735A /* Utilities.swift */ = {isa = PBXFileReference; fileEncoding = 4; lastKnownFileType = sourcecode.swift; path = Utilities.swift; sourceTree = "<group>"; };
		25577E061E20886C0091735A /* BaseWindowController.swift */ = {isa = PBXFileReference; fileEncoding = 4; lastKnownFileType = sourcecode.swift; path = BaseWindowController.swift; sourceTree = "<group>"; };
		255957EC1E1BD2A600B8469E /* cuImage.app */ = {isa = PBXFileReference; explicitFileType = wrapper.application; includeInIndex = 0; path = cuImage.app; sourceTree = BUILT_PRODUCTS_DIR; };
		255957EF1E1BD2A600B8469E /* AppDelegate.swift */ = {isa = PBXFileReference; lastKnownFileType = sourcecode.swift; path = AppDelegate.swift; sourceTree = "<group>"; };
		255957F11E1BD2A600B8469E /* Assets.xcassets */ = {isa = PBXFileReference; lastKnownFileType = folder.assetcatalog; path = Assets.xcassets; sourceTree = "<group>"; };
		255957F41E1BD2A600B8469E /* Base */ = {isa = PBXFileReference; lastKnownFileType = file.xib; name = Base; path = Base.lproj/MainMenu.xib; sourceTree = "<group>"; };
		255957F61E1BD2A600B8469E /* Info.plist */ = {isa = PBXFileReference; lastKnownFileType = text.plist.xml; path = Info.plist; sourceTree = "<group>"; };
		255958021E1BD77100B8469E /* StatusItemController.swift */ = {isa = PBXFileReference; fileEncoding = 4; lastKnownFileType = sourcecode.swift; lineEnding = 0; path = StatusItemController.swift; sourceTree = "<group>"; xcLanguageSpecificationIdentifier = xcode.lang.swift; };
		255958041E1BD78500B8469E /* StatusItemController.xib */ = {isa = PBXFileReference; fileEncoding = 4; lastKnownFileType = file.xib; path = StatusItemController.xib; sourceTree = "<group>"; };
		255958101E1BDDD900B8469E /* AboutWindowController.swift */ = {isa = PBXFileReference; fileEncoding = 4; lastKnownFileType = sourcecode.swift; path = AboutWindowController.swift; sourceTree = "<group>"; };
		255958111E1BDDD900B8469E /* AboutWindowController.xib */ = {isa = PBXFileReference; fileEncoding = 4; lastKnownFileType = file.xib; path = AboutWindowController.xib; sourceTree = "<group>"; };
		255958161E1BE00400B8469E /* GeneralPreferencesViewController.swift */ = {isa = PBXFileReference; fileEncoding = 4; lastKnownFileType = sourcecode.swift; path = GeneralPreferencesViewController.swift; sourceTree = "<group>"; };
		255958171E1BE00400B8469E /* GeneralPreferencesViewController.xib */ = {isa = PBXFileReference; fileEncoding = 4; lastKnownFileType = file.xib; path = GeneralPreferencesViewController.xib; sourceTree = "<group>"; };
		2559581F1E1BE03800B8469E /* PreferencesWindowController.swift */ = {isa = PBXFileReference; fileEncoding = 4; lastKnownFileType = sourcecode.swift; path = PreferencesWindowController.swift; sourceTree = "<group>"; };
		255958201E1BE03800B8469E /* PreferencesWindowController.xib */ = {isa = PBXFileReference; fileEncoding = 4; lastKnownFileType = file.xib; path = PreferencesWindowController.xib; sourceTree = "<group>"; };
		255958261E1BE46900B8469E /* ShortcutsPreferencesViewController.swift */ = {isa = PBXFileReference; fileEncoding = 4; lastKnownFileType = sourcecode.swift; path = ShortcutsPreferencesViewController.swift; sourceTree = "<group>"; };
		255958271E1BE46900B8469E /* ShortcutsPreferencesViewController.xib */ = {isa = PBXFileReference; fileEncoding = 4; lastKnownFileType = file.xib; path = ShortcutsPreferencesViewController.xib; sourceTree = "<group>"; };
		2559582F1E1BE8E800B8469E /* HostsPreferencesViewController.swift */ = {isa = PBXFileReference; fileEncoding = 4; lastKnownFileType = sourcecode.swift; path = HostsPreferencesViewController.swift; sourceTree = "<group>"; };
		255958301E1BE8E800B8469E /* HostsPreferencesViewController.xib */ = {isa = PBXFileReference; fileEncoding = 4; lastKnownFileType = file.xib; path = HostsPreferencesViewController.xib; sourceTree = "<group>"; };
		255958381E1BECCF00B8469E /* Host.swift */ = {isa = PBXFileReference; fileEncoding = 4; lastKnownFileType = sourcecode.swift; path = Host.swift; sourceTree = "<group>"; };
		255958391E1BECCF00B8469E /* QiniuHost.swift */ = {isa = PBXFileReference; fileEncoding = 4; lastKnownFileType = sourcecode.swift; path = QiniuHost.swift; sourceTree = "<group>"; };
		2559583D1E1BED4300B8469E /* Date+Formatter.swift */ = {isa = PBXFileReference; fileEncoding = 4; lastKnownFileType = sourcecode.swift; path = "Date+Formatter.swift"; sourceTree = "<group>"; };
		255958401E1BED5E00B8469E /* Data+Base64.swift */ = {isa = PBXFileReference; fileEncoding = 4; lastKnownFileType = sourcecode.swift; path = "Data+Base64.swift"; sourceTree = "<group>"; };
		255958421E1BED7000B8469E /* String+Crypto.swift */ = {isa = PBXFileReference; fileEncoding = 4; lastKnownFileType = sourcecode.swift; path = "String+Crypto.swift"; sourceTree = "<group>"; };
		255958441E1BED8400B8469E /* NSBitmapImageFileType+String.swift */ = {isa = PBXFileReference; fileEncoding = 4; lastKnownFileType = sourcecode.swift; path = "NSBitmapImageFileType+String.swift"; sourceTree = "<group>"; };
		255958461E1BEDC400B8469E /* cuImage-Bridging-Header.h */ = {isa = PBXFileReference; lastKnownFileType = sourcecode.c.h; path = "cuImage-Bridging-Header.h"; sourceTree = "<group>"; };
		2559584F1E1BEF5300B8469E /* UploadManager.swift */ = {isa = PBXFileReference; fileEncoding = 4; lastKnownFileType = sourcecode.swift; lineEnding = 0; path = UploadManager.swift; sourceTree = "<group>"; xcLanguageSpecificationIdentifier = xcode.lang.swift; };
		255B1D961E1F2873000791EC /* QiniuHostInfoViewController.swift */ = {isa = PBXFileReference; fileEncoding = 4; lastKnownFileType = sourcecode.swift; path = QiniuHostInfoViewController.swift; sourceTree = "<group>"; };
		255B1D971E1F2873000791EC /* QiniuHostInfoViewController.xib */ = {isa = PBXFileReference; fileEncoding = 4; lastKnownFileType = file.xib; path = QiniuHostInfoViewController.xib; sourceTree = "<group>"; };
		255B1D9A1E1F4000000791EC /* Dictionariable.swift */ = {isa = PBXFileReference; fileEncoding = 4; lastKnownFileType = sourcecode.swift; path = Dictionariable.swift; sourceTree = "<group>"; };
		255B1D9D1E1F8AD2000791EC /* ShortcutManager.swift */ = {isa = PBXFileReference; fileEncoding = 4; lastKnownFileType = sourcecode.swift; lineEnding = 0; path = ShortcutManager.swift; sourceTree = "<group>"; xcLanguageSpecificationIdentifier = xcode.lang.swift; };
		255B1D9F1E1F8B29000791EC /* PreferenceManager.swift */ = {isa = PBXFileReference; fileEncoding = 4; lastKnownFileType = sourcecode.swift; path = PreferenceManager.swift; sourceTree = "<group>"; };
		256E393C1E24AD5000CA2F5F /* HostInfoViewController.swift */ = {isa = PBXFileReference; fileEncoding = 4; lastKnownFileType = sourcecode.swift; path = HostInfoViewController.swift; sourceTree = "<group>"; };
		25806C341E228F4B0068DB85 /* NSMenuItem+KeyEquivalent.swift */ = {isa = PBXFileReference; fileEncoding = 4; lastKnownFileType = sourcecode.swift; path = "NSMenuItem+KeyEquivalent.swift"; sourceTree = "<group>"; };
		25BE18081E1E97CA00F7D391 /* QiniuHostInfo.swift */ = {isa = PBXFileReference; fileEncoding = 4; lastKnownFileType = sourcecode.swift; path = QiniuHostInfo.swift; sourceTree = "<group>"; };
		2A7C860188CF3C6FBF7A8EF2 /* Pods-cuImage.release.xcconfig */ = {isa = PBXFileReference; includeInIndex = 1; lastKnownFileType = text.xcconfig; name = "Pods-cuImage.release.xcconfig"; path = "Pods/Target Support Files/Pods-cuImage/Pods-cuImage.release.xcconfig"; sourceTree = "<group>"; };
		48FBB0269350A6B177499FB3 /* Pods-cuImage.debug.xcconfig */ = {isa = PBXFileReference; includeInIndex = 1; lastKnownFileType = text.xcconfig; name = "Pods-cuImage.debug.xcconfig"; path = "Pods/Target Support Files/Pods-cuImage/Pods-cuImage.debug.xcconfig"; sourceTree = "<group>"; };
		6C53067A7C1CEBA1D76A5189 /* Pods_cuImage.framework */ = {isa = PBXFileReference; explicitFileType = wrapper.framework; includeInIndex = 0; path = Pods_cuImage.framework; sourceTree = BUILT_PRODUCTS_DIR; };
/* End PBXFileReference section */

/* Begin PBXFrameworksBuildPhase section */
		25130C451E20E0C700830B3F /* Frameworks */ = {
			isa = PBXFrameworksBuildPhase;
			buildActionMask = 2147483647;
			files = (
			);
			runOnlyForDeploymentPostprocessing = 0;
		};
		255957E91E1BD2A500B8469E /* Frameworks */ = {
			isa = PBXFrameworksBuildPhase;
			buildActionMask = 2147483647;
			files = (
				EFCE6B82C9043CEF4A58A0EC /* Pods_cuImage.framework in Frameworks */,
			);
			runOnlyForDeploymentPostprocessing = 0;
		};
/* End PBXFrameworksBuildPhase section */

/* Begin PBXGroup section */
		25130C491E20E0C700830B3F /* cuImageLauncher */ = {
			isa = PBXGroup;
			children = (
				25130C551E20E0D600830B3F /* Application */,
				25130C561E20E0E400830B3F /* Supporting Files */,
			);
			path = cuImageLauncher;
			sourceTree = "<group>";
		};
		25130C551E20E0D600830B3F /* Application */ = {
			isa = PBXGroup;
			children = (
				25130C4A1E20E0C700830B3F /* AppDelegate.swift */,
				25130C4E1E20E0C700830B3F /* MainMenu.xib */,
			);
			name = Application;
			sourceTree = "<group>";
		};
		25130C561E20E0E400830B3F /* Supporting Files */ = {
			isa = PBXGroup;
			children = (
				254834E21E247A150098C16F /* cuImageLauncher.entitlements */,
				25130C4C1E20E0C700830B3F /* Assets.xcassets */,
				25130C511E20E0C700830B3F /* Info.plist */,
			);
			name = "Supporting Files";
			sourceTree = "<group>";
		};
		251ADC981E1E061400D880C9 /* Qiniu Host */ = {
			isa = PBXGroup;
			children = (
				255958391E1BECCF00B8469E /* QiniuHost.swift */,
				25BE18081E1E97CA00F7D391 /* QiniuHostInfo.swift */,
				255B1D961E1F2873000791EC /* QiniuHostInfoViewController.swift */,
				255B1D971E1F2873000791EC /* QiniuHostInfoViewController.xib */,
			);
			name = "Qiniu Host";
			sourceTree = "<group>";
		};
		25577E051E20882C0091735A /* Misc */ = {
			isa = PBXGroup;
			children = (
				250B7E301E24FEC00095FAEA /* Constants.swift */,
				25577E031E2088270091735A /* Utilities.swift */,
			);
			name = Misc;
			sourceTree = "<group>";
		};
		25577E091E208A5E0091735A /* Bases */ = {
			isa = PBXGroup;
			children = (
				25577E061E20886C0091735A /* BaseWindowController.swift */,
				25577DFA1E1FE1FE0091735A /* BasePreferencesViewController.swift */,
			);
			name = Bases;
			sourceTree = "<group>";
		};
		255957E31E1BD2A500B8469E = {
			isa = PBXGroup;
			children = (
				255957EE1E1BD2A600B8469E /* cuImage */,
				25130C491E20E0C700830B3F /* cuImageLauncher */,
				255957ED1E1BD2A600B8469E /* Products */,
				609AB411EA9D0F6060FBBF88 /* Pods */,
				C4B288B76C3200F74ED94C47 /* Frameworks */,
			);
			sourceTree = "<group>";
		};
		255957ED1E1BD2A600B8469E /* Products */ = {
			isa = PBXGroup;
			children = (
				255957EC1E1BD2A600B8469E /* cuImage.app */,
				25130C481E20E0C700830B3F /* cuImageLauncher.app */,
			);
			name = Products;
			sourceTree = "<group>";
		};
		255957EE1E1BD2A600B8469E /* cuImage */ = {
			isa = PBXGroup;
			children = (
				255957FE1E1BD70F00B8469E /* Application */,
				2559583C1E1BECD600B8469E /* Hosts */,
				2559581E1E1BE01C00B8469E /* Preferences */,
				255958141E1BDDDC00B8469E /* About */,
				255B1D9C1E1F4005000791EC /* Protocols */,
				2559583F1E1BED4600B8469E /* Extensions */,
				25577E091E208A5E0091735A /* Bases */,
				25577E051E20882C0091735A /* Misc */,
				255957FF1E1BD72400B8469E /* Supporting Files */,
			);
			path = cuImage;
			sourceTree = "<group>";
		};
		255957FE1E1BD70F00B8469E /* Application */ = {
			isa = PBXGroup;
			children = (
				255957EF1E1BD2A600B8469E /* AppDelegate.swift */,
				2559584F1E1BEF5300B8469E /* UploadManager.swift */,
				255958021E1BD77100B8469E /* StatusItemController.swift */,
				255958041E1BD78500B8469E /* StatusItemController.xib */,
				255957F31E1BD2A600B8469E /* MainMenu.xib */,
			);
			name = Application;
			sourceTree = "<group>";
		};
		255957FF1E1BD72400B8469E /* Supporting Files */ = {
			isa = PBXGroup;
			children = (
				254834E11E24780F0098C16F /* cuImage.entitlements */,
				255958461E1BEDC400B8469E /* cuImage-Bridging-Header.h */,
				255957F11E1BD2A600B8469E /* Assets.xcassets */,
				255957F61E1BD2A600B8469E /* Info.plist */,
			);
			name = "Supporting Files";
			sourceTree = "<group>";
		};
		255958141E1BDDDC00B8469E /* About */ = {
			isa = PBXGroup;
			children = (
				255958101E1BDDD900B8469E /* AboutWindowController.swift */,
				255958111E1BDDD900B8469E /* AboutWindowController.xib */,
			);
			name = About;
			sourceTree = "<group>";
		};
		2559581E1E1BE01C00B8469E /* Preferences */ = {
			isa = PBXGroup;
			children = (
				255B1D9F1E1F8B29000791EC /* PreferenceManager.swift */,
				255B1D9D1E1F8AD2000791EC /* ShortcutManager.swift */,
				2559581F1E1BE03800B8469E /* PreferencesWindowController.swift */,
				255958201E1BE03800B8469E /* PreferencesWindowController.xib */,
				255958161E1BE00400B8469E /* GeneralPreferencesViewController.swift */,
				255958171E1BE00400B8469E /* GeneralPreferencesViewController.xib */,
				255958261E1BE46900B8469E /* ShortcutsPreferencesViewController.swift */,
				255958271E1BE46900B8469E /* ShortcutsPreferencesViewController.xib */,
				2559582F1E1BE8E800B8469E /* HostsPreferencesViewController.swift */,
				255958301E1BE8E800B8469E /* HostsPreferencesViewController.xib */,
			);
			name = Preferences;
			sourceTree = "<group>";
		};
		2559583C1E1BECD600B8469E /* Hosts */ = {
			isa = PBXGroup;
			children = (
				255958381E1BECCF00B8469E /* Host.swift */,
				256E393C1E24AD5000CA2F5F /* HostInfoViewController.swift */,
				251ADC981E1E061400D880C9 /* Qiniu Host */,
			);
			name = Hosts;
			sourceTree = "<group>";
		};
		2559583F1E1BED4600B8469E /* Extensions */ = {
			isa = PBXGroup;
			children = (
				255958401E1BED5E00B8469E /* Data+Base64.swift */,
				255958421E1BED7000B8469E /* String+Crypto.swift */,
				2559583D1E1BED4300B8469E /* Date+Formatter.swift */,
				2518C9301E221F45000F32DC /* MASShortcut+Convenience.swift */,
				25806C341E228F4B0068DB85 /* NSMenuItem+KeyEquivalent.swift */,
				255958441E1BED8400B8469E /* NSBitmapImageFileType+String.swift */,
			);
			name = Extensions;
			sourceTree = "<group>";
		};
		255B1D9C1E1F4005000791EC /* Protocols */ = {
			isa = PBXGroup;
			children = (
				255B1D9A1E1F4000000791EC /* Dictionariable.swift */,
			);
			name = Protocols;
			sourceTree = "<group>";
		};
		609AB411EA9D0F6060FBBF88 /* Pods */ = {
			isa = PBXGroup;
			children = (
				48FBB0269350A6B177499FB3 /* Pods-cuImage.debug.xcconfig */,
				2A7C860188CF3C6FBF7A8EF2 /* Pods-cuImage.release.xcconfig */,
			);
			name = Pods;
			sourceTree = "<group>";
		};
		C4B288B76C3200F74ED94C47 /* Frameworks */ = {
			isa = PBXGroup;
			children = (
				6C53067A7C1CEBA1D76A5189 /* Pods_cuImage.framework */,
			);
			name = Frameworks;
			sourceTree = "<group>";
		};
/* End PBXGroup section */

/* Begin PBXNativeTarget section */
		25130C471E20E0C700830B3F /* cuImageLauncher */ = {
			isa = PBXNativeTarget;
			buildConfigurationList = 25130C541E20E0C700830B3F /* Build configuration list for PBXNativeTarget "cuImageLauncher" */;
			buildPhases = (
				25130C441E20E0C700830B3F /* Sources */,
				25130C451E20E0C700830B3F /* Frameworks */,
				25130C461E20E0C700830B3F /* Resources */,
			);
			buildRules = (
			);
			dependencies = (
			);
			name = cuImageLauncher;
			productName = cuImageLauncher;
			productReference = 25130C481E20E0C700830B3F /* cuImageLauncher.app */;
			productType = "com.apple.product-type.application";
		};
		255957EB1E1BD2A500B8469E /* cuImage */ = {
			isa = PBXNativeTarget;
			buildConfigurationList = 255957F91E1BD2A600B8469E /* Build configuration list for PBXNativeTarget "cuImage" */;
			buildPhases = (
				7959FA804A175C1DAD6ED0E5 /* [CP] Check Pods Manifest.lock */,
				255957E81E1BD2A500B8469E /* Sources */,
				255957E91E1BD2A500B8469E /* Frameworks */,
				255957EA1E1BD2A500B8469E /* Resources */,
				8435B53E3B6B7A7F0FD1F4F5 /* [CP] Embed Pods Frameworks */,
				D16850FCC49F6D0519AD6162 /* [CP] Copy Pods Resources */,
				250CFA121E20BBFA009B4F0A /* CopyFiles */,
			);
			buildRules = (
			);
			dependencies = (
			);
			name = cuImage;
			productName = cuImage;
			productReference = 255957EC1E1BD2A600B8469E /* cuImage.app */;
			productType = "com.apple.product-type.application";
		};
/* End PBXNativeTarget section */

/* Begin PBXProject section */
		255957E41E1BD2A500B8469E /* Project object */ = {
			isa = PBXProject;
			attributes = {
				LastSwiftUpdateCheck = 0820;
				LastUpgradeCheck = 0820;
				ORGANIZATIONNAME = HuLizhen;
				TargetAttributes = {
					25130C471E20E0C700830B3F = {
						CreatedOnToolsVersion = 8.2.1;
						DevelopmentTeam = 6S532ZPWTN;
						ProvisioningStyle = Automatic;
						SystemCapabilities = {
							com.apple.Sandbox = {
								enabled = 1;
							};
						};
					};
					255957EB1E1BD2A500B8469E = {
						CreatedOnToolsVersion = 8.2.1;
						DevelopmentTeam = 6S532ZPWTN;
						LastSwiftMigration = 0820;
						ProvisioningStyle = Automatic;
						SystemCapabilities = {
							com.apple.Sandbox = {
								enabled = 1;
							};
						};
					};
				};
			};
			buildConfigurationList = 255957E71E1BD2A500B8469E /* Build configuration list for PBXProject "cuImage" */;
			compatibilityVersion = "Xcode 3.2";
			developmentRegion = English;
			hasScannedForEncodings = 0;
			knownRegions = (
				en,
				Base,
			);
			mainGroup = 255957E31E1BD2A500B8469E;
			productRefGroup = 255957ED1E1BD2A600B8469E /* Products */;
			projectDirPath = "";
			projectRoot = "";
			targets = (
				255957EB1E1BD2A500B8469E /* cuImage */,
				25130C471E20E0C700830B3F /* cuImageLauncher */,
			);
		};
/* End PBXProject section */

/* Begin PBXResourcesBuildPhase section */
		25130C461E20E0C700830B3F /* Resources */ = {
			isa = PBXResourcesBuildPhase;
			buildActionMask = 2147483647;
			files = (
				25130C4D1E20E0C700830B3F /* Assets.xcassets in Resources */,
				25130C501E20E0C700830B3F /* MainMenu.xib in Resources */,
			);
			runOnlyForDeploymentPostprocessing = 0;
		};
		255957EA1E1BD2A500B8469E /* Resources */ = {
			isa = PBXResourcesBuildPhase;
			buildActionMask = 2147483647;
			files = (
				255958221E1BE03800B8469E /* PreferencesWindowController.xib in Resources */,
				255B1D991E1F2873000791EC /* QiniuHostInfoViewController.xib in Resources */,
				255958321E1BE8E800B8469E /* HostsPreferencesViewController.xib in Resources */,
				255957F21E1BD2A600B8469E /* Assets.xcassets in Resources */,
				255958131E1BDDD900B8469E /* AboutWindowController.xib in Resources */,
				255958291E1BE46900B8469E /* ShortcutsPreferencesViewController.xib in Resources */,
				255957F51E1BD2A600B8469E /* MainMenu.xib in Resources */,
				255958051E1BD78500B8469E /* StatusItemController.xib in Resources */,
				2559581B1E1BE00400B8469E /* GeneralPreferencesViewController.xib in Resources */,
			);
			runOnlyForDeploymentPostprocessing = 0;
		};
/* End PBXResourcesBuildPhase section */

/* Begin PBXShellScriptBuildPhase section */
		7959FA804A175C1DAD6ED0E5 /* [CP] Check Pods Manifest.lock */ = {
			isa = PBXShellScriptBuildPhase;
			buildActionMask = 2147483647;
			files = (
			);
			inputPaths = (
			);
			name = "[CP] Check Pods Manifest.lock";
			outputPaths = (
			);
			runOnlyForDeploymentPostprocessing = 0;
			shellPath = /bin/sh;
			shellScript = "diff \"${PODS_ROOT}/../Podfile.lock\" \"${PODS_ROOT}/Manifest.lock\" > /dev/null\nif [ $? != 0 ] ; then\n    # print error to STDERR\n    echo \"error: The sandbox is not in sync with the Podfile.lock. Run 'pod install' or update your CocoaPods installation.\" >&2\n    exit 1\nfi\n";
			showEnvVarsInLog = 0;
		};
		8435B53E3B6B7A7F0FD1F4F5 /* [CP] Embed Pods Frameworks */ = {
			isa = PBXShellScriptBuildPhase;
			buildActionMask = 2147483647;
			files = (
			);
			inputPaths = (
			);
			name = "[CP] Embed Pods Frameworks";
			outputPaths = (
			);
			runOnlyForDeploymentPostprocessing = 0;
			shellPath = /bin/sh;
			shellScript = "\"${SRCROOT}/Pods/Target Support Files/Pods-cuImage/Pods-cuImage-frameworks.sh\"\n";
			showEnvVarsInLog = 0;
		};
		D16850FCC49F6D0519AD6162 /* [CP] Copy Pods Resources */ = {
			isa = PBXShellScriptBuildPhase;
			buildActionMask = 2147483647;
			files = (
			);
			inputPaths = (
			);
			name = "[CP] Copy Pods Resources";
			outputPaths = (
			);
			runOnlyForDeploymentPostprocessing = 0;
			shellPath = /bin/sh;
			shellScript = "\"${SRCROOT}/Pods/Target Support Files/Pods-cuImage/Pods-cuImage-resources.sh\"\n";
			showEnvVarsInLog = 0;
		};
/* End PBXShellScriptBuildPhase section */

/* Begin PBXSourcesBuildPhase section */
		25130C441E20E0C700830B3F /* Sources */ = {
			isa = PBXSourcesBuildPhase;
			buildActionMask = 2147483647;
			files = (
				25130C4B1E20E0C700830B3F /* AppDelegate.swift in Sources */,
			);
			runOnlyForDeploymentPostprocessing = 0;
		};
		255957E81E1BD2A500B8469E /* Sources */ = {
			isa = PBXSourcesBuildPhase;
			buildActionMask = 2147483647;
			files = (
				255B1DA01E1F8B29000791EC /* PreferenceManager.swift in Sources */,
				255958121E1BDDD900B8469E /* AboutWindowController.swift in Sources */,
				25577E041E2088270091735A /* Utilities.swift in Sources */,
				255958031E1BD77100B8469E /* StatusItemController.swift in Sources */,
				255957F01E1BD2A600B8469E /* AppDelegate.swift in Sources */,
				2559583A1E1BECCF00B8469E /* Host.swift in Sources */,
				25577DFB1E1FE1FE0091735A /* BasePreferencesViewController.swift in Sources */,
				250B7E311E24FEC00095FAEA /* Constants.swift in Sources */,
				2559581A1E1BE00400B8469E /* GeneralPreferencesViewController.swift in Sources */,
				25806C351E228F4B0068DB85 /* NSMenuItem+KeyEquivalent.swift in Sources */,
				256E393D1E24AD5000CA2F5F /* HostInfoViewController.swift in Sources */,
				255958501E1BEF5300B8469E /* UploadManager.swift in Sources */,
				255958451E1BED8400B8469E /* NSBitmapImageFileType+String.swift in Sources */,
				255B1D981E1F2873000791EC /* QiniuHostInfoViewController.swift in Sources */,
				255958411E1BED5E00B8469E /* Data+Base64.swift in Sources */,
				255958431E1BED7000B8469E /* String+Crypto.swift in Sources */,
				2518C9311E221F45000F32DC /* MASShortcut+Convenience.swift in Sources */,
				2559583B1E1BECCF00B8469E /* QiniuHost.swift in Sources */,
				255958311E1BE8E800B8469E /* HostsPreferencesViewController.swift in Sources */,
				255958281E1BE46900B8469E /* ShortcutsPreferencesViewController.swift in Sources */,
				255958211E1BE03800B8469E /* PreferencesWindowController.swift in Sources */,
				255B1D9B1E1F4000000791EC /* Dictionariable.swift in Sources */,
				25577E071E20886C0091735A /* BaseWindowController.swift in Sources */,
				2559583E1E1BED4300B8469E /* Date+Formatter.swift in Sources */,
				25BE18091E1E97CA00F7D391 /* QiniuHostInfo.swift in Sources */,
				255B1D9E1E1F8AD2000791EC /* ShortcutManager.swift in Sources */,
			);
			runOnlyForDeploymentPostprocessing = 0;
		};
/* End PBXSourcesBuildPhase section */

/* Begin PBXVariantGroup section */
		25130C4E1E20E0C700830B3F /* MainMenu.xib */ = {
			isa = PBXVariantGroup;
			children = (
				25130C4F1E20E0C700830B3F /* Base */,
			);
			name = MainMenu.xib;
			sourceTree = "<group>";
		};
		255957F31E1BD2A600B8469E /* MainMenu.xib */ = {
			isa = PBXVariantGroup;
			children = (
				255957F41E1BD2A600B8469E /* Base */,
			);
			name = MainMenu.xib;
			sourceTree = "<group>";
		};
/* End PBXVariantGroup section */

/* Begin XCBuildConfiguration section */
		25130C521E20E0C700830B3F /* Debug */ = {
			isa = XCBuildConfiguration;
			buildSettings = {
				ASSETCATALOG_COMPILER_APPICON_NAME = AppIcon;
				CODE_SIGN_ENTITLEMENTS = cuImageLauncher/cuImageLauncher.entitlements;
				CODE_SIGN_IDENTITY = "Mac Developer";
				COMBINE_HIDPI_IMAGES = YES;
				DEVELOPMENT_TEAM = 6S532ZPWTN;
				INFOPLIST_FILE = cuImageLauncher/Info.plist;
				LD_RUNPATH_SEARCH_PATHS = "$(inherited) @executable_path/../Frameworks";
				MACOSX_DEPLOYMENT_TARGET = 10.10;
				PRODUCT_BUNDLE_IDENTIFIER = com.hulizhen.cuImageLauncher;
				PRODUCT_NAME = "$(TARGET_NAME)";
				SKIP_INSTALL = YES;
				SWIFT_VERSION = 3.0;
			};
			name = Debug;
		};
		25130C531E20E0C700830B3F /* Release */ = {
			isa = XCBuildConfiguration;
			buildSettings = {
				ASSETCATALOG_COMPILER_APPICON_NAME = AppIcon;
				CODE_SIGN_ENTITLEMENTS = cuImageLauncher/cuImageLauncher.entitlements;
				CODE_SIGN_IDENTITY = "Mac Developer";
				COMBINE_HIDPI_IMAGES = YES;
				DEVELOPMENT_TEAM = 6S532ZPWTN;
				INFOPLIST_FILE = cuImageLauncher/Info.plist;
				LD_RUNPATH_SEARCH_PATHS = "$(inherited) @executable_path/../Frameworks";
				MACOSX_DEPLOYMENT_TARGET = 10.10;
				PRODUCT_BUNDLE_IDENTIFIER = com.hulizhen.cuImageLauncher;
				PRODUCT_NAME = "$(TARGET_NAME)";
				SKIP_INSTALL = YES;
				SWIFT_VERSION = 3.0;
			};
			name = Release;
		};
		255957F71E1BD2A600B8469E /* Debug */ = {
			isa = XCBuildConfiguration;
			buildSettings = {
				ALWAYS_SEARCH_USER_PATHS = NO;
				CLANG_ANALYZER_NONNULL = YES;
				CLANG_CXX_LANGUAGE_STANDARD = "gnu++0x";
				CLANG_CXX_LIBRARY = "libc++";
				CLANG_ENABLE_MODULES = YES;
				CLANG_ENABLE_OBJC_ARC = YES;
				CLANG_WARN_BOOL_CONVERSION = YES;
				CLANG_WARN_CONSTANT_CONVERSION = YES;
				CLANG_WARN_DIRECT_OBJC_ISA_USAGE = YES_ERROR;
				CLANG_WARN_DOCUMENTATION_COMMENTS = YES;
				CLANG_WARN_EMPTY_BODY = YES;
				CLANG_WARN_ENUM_CONVERSION = YES;
				CLANG_WARN_INFINITE_RECURSION = YES;
				CLANG_WARN_INT_CONVERSION = YES;
				CLANG_WARN_OBJC_ROOT_CLASS = YES_ERROR;
				CLANG_WARN_SUSPICIOUS_MOVE = YES;
				CLANG_WARN_UNREACHABLE_CODE = YES;
				CLANG_WARN__DUPLICATE_METHOD_MATCH = YES;
				CODE_SIGN_IDENTITY = "-";
				COPY_PHASE_STRIP = NO;
				DEBUG_INFORMATION_FORMAT = dwarf;
				ENABLE_STRICT_OBJC_MSGSEND = YES;
				ENABLE_TESTABILITY = YES;
				GCC_C_LANGUAGE_STANDARD = gnu99;
				GCC_DYNAMIC_NO_PIC = NO;
				GCC_NO_COMMON_BLOCKS = YES;
				GCC_OPTIMIZATION_LEVEL = 0;
				GCC_PREPROCESSOR_DEFINITIONS = (
					"DEBUG=1",
					"$(inherited)",
				);
				GCC_WARN_64_TO_32_BIT_CONVERSION = YES;
				GCC_WARN_ABOUT_RETURN_TYPE = YES_ERROR;
				GCC_WARN_UNDECLARED_SELECTOR = YES;
				GCC_WARN_UNINITIALIZED_AUTOS = YES_AGGRESSIVE;
				GCC_WARN_UNUSED_FUNCTION = YES;
				GCC_WARN_UNUSED_VARIABLE = YES;
				MACOSX_DEPLOYMENT_TARGET = 10.10;
				MTL_ENABLE_DEBUG_INFO = YES;
				ONLY_ACTIVE_ARCH = YES;
				SDKROOT = macosx;
				SWIFT_ACTIVE_COMPILATION_CONDITIONS = DEBUG;
				SWIFT_OPTIMIZATION_LEVEL = "-Onone";
			};
			name = Debug;
		};
		255957F81E1BD2A600B8469E /* Release */ = {
			isa = XCBuildConfiguration;
			buildSettings = {
				ALWAYS_SEARCH_USER_PATHS = NO;
				CLANG_ANALYZER_NONNULL = YES;
				CLANG_CXX_LANGUAGE_STANDARD = "gnu++0x";
				CLANG_CXX_LIBRARY = "libc++";
				CLANG_ENABLE_MODULES = YES;
				CLANG_ENABLE_OBJC_ARC = YES;
				CLANG_WARN_BOOL_CONVERSION = YES;
				CLANG_WARN_CONSTANT_CONVERSION = YES;
				CLANG_WARN_DIRECT_OBJC_ISA_USAGE = YES_ERROR;
				CLANG_WARN_DOCUMENTATION_COMMENTS = YES;
				CLANG_WARN_EMPTY_BODY = YES;
				CLANG_WARN_ENUM_CONVERSION = YES;
				CLANG_WARN_INFINITE_RECURSION = YES;
				CLANG_WARN_INT_CONVERSION = YES;
				CLANG_WARN_OBJC_ROOT_CLASS = YES_ERROR;
				CLANG_WARN_SUSPICIOUS_MOVE = YES;
				CLANG_WARN_UNREACHABLE_CODE = YES;
				CLANG_WARN__DUPLICATE_METHOD_MATCH = YES;
				CODE_SIGN_IDENTITY = "-";
				COPY_PHASE_STRIP = NO;
				DEBUG_INFORMATION_FORMAT = "dwarf-with-dsym";
				ENABLE_NS_ASSERTIONS = NO;
				ENABLE_STRICT_OBJC_MSGSEND = YES;
				GCC_C_LANGUAGE_STANDARD = gnu99;
				GCC_NO_COMMON_BLOCKS = YES;
				GCC_WARN_64_TO_32_BIT_CONVERSION = YES;
				GCC_WARN_ABOUT_RETURN_TYPE = YES_ERROR;
				GCC_WARN_UNDECLARED_SELECTOR = YES;
				GCC_WARN_UNINITIALIZED_AUTOS = YES_AGGRESSIVE;
				GCC_WARN_UNUSED_FUNCTION = YES;
				GCC_WARN_UNUSED_VARIABLE = YES;
				MACOSX_DEPLOYMENT_TARGET = 10.10;
				MTL_ENABLE_DEBUG_INFO = NO;
				SDKROOT = macosx;
				SWIFT_OPTIMIZATION_LEVEL = "-Owholemodule";
			};
			name = Release;
		};
		255957FA1E1BD2A600B8469E /* Debug */ = {
			isa = XCBuildConfiguration;
			baseConfigurationReference = 48FBB0269350A6B177499FB3 /* Pods-cuImage.debug.xcconfig */;
			buildSettings = {
				ASSETCATALOG_COMPILER_APPICON_NAME = AppIcon;
				CLANG_ENABLE_MODULES = YES;
				CODE_SIGN_ENTITLEMENTS = cuImage/cuImage.entitlements;
				CODE_SIGN_IDENTITY = "Mac Developer";
				COMBINE_HIDPI_IMAGES = YES;
				DEVELOPMENT_TEAM = 6S532ZPWTN;
				INFOPLIST_FILE = cuImage/Info.plist;
				LD_RUNPATH_SEARCH_PATHS = "$(inherited) @executable_path/../Frameworks";
				MACOSX_DEPLOYMENT_TARGET = 10.10;
				PRODUCT_BUNDLE_IDENTIFIER = com.hulizhen.cuImage;
				PRODUCT_NAME = "$(TARGET_NAME)";
				SWIFT_OBJC_BRIDGING_HEADER = "cuImage/cuImage-Bridging-Header.h";
				SWIFT_OPTIMIZATION_LEVEL = "-Onone";
				SWIFT_VERSION = 3.0;
			};
			name = Debug;
		};
		255957FB1E1BD2A600B8469E /* Release */ = {
			isa = XCBuildConfiguration;
			baseConfigurationReference = 2A7C860188CF3C6FBF7A8EF2 /* Pods-cuImage.release.xcconfig */;
			buildSettings = {
				ASSETCATALOG_COMPILER_APPICON_NAME = AppIcon;
				CLANG_ENABLE_MODULES = YES;
				CODE_SIGN_ENTITLEMENTS = cuImage/cuImage.entitlements;
				CODE_SIGN_IDENTITY = "Mac Developer";
				COMBINE_HIDPI_IMAGES = YES;
				DEVELOPMENT_TEAM = 6S532ZPWTN;
				INFOPLIST_FILE = cuImage/Info.plist;
				LD_RUNPATH_SEARCH_PATHS = "$(inherited) @executable_path/../Frameworks";
				MACOSX_DEPLOYMENT_TARGET = 10.10;
				PRODUCT_BUNDLE_IDENTIFIER = com.hulizhen.cuImage;
				PRODUCT_NAME = "$(TARGET_NAME)";
				SWIFT_OBJC_BRIDGING_HEADER = "cuImage/cuImage-Bridging-Header.h";
				SWIFT_VERSION = 3.0;
			};
			name = Release;
		};
/* End XCBuildConfiguration section */

/* Begin XCConfigurationList section */
		25130C541E20E0C700830B3F /* Build configuration list for PBXNativeTarget "cuImageLauncher" */ = {
			isa = XCConfigurationList;
			buildConfigurations = (
				25130C521E20E0C700830B3F /* Debug */,
				25130C531E20E0C700830B3F /* Release */,
			);
			defaultConfigurationIsVisible = 0;
			defaultConfigurationName = Release;
		};
		255957E71E1BD2A500B8469E /* Build configuration list for PBXProject "cuImage" */ = {
			isa = XCConfigurationList;
			buildConfigurations = (
				255957F71E1BD2A600B8469E /* Debug */,
				255957F81E1BD2A600B8469E /* Release */,
			);
			defaultConfigurationIsVisible = 0;
			defaultConfigurationName = Release;
		};
		255957F91E1BD2A600B8469E /* Build configuration list for PBXNativeTarget "cuImage" */ = {
			isa = XCConfigurationList;
			buildConfigurations = (
				255957FA1E1BD2A600B8469E /* Debug */,
				255957FB1E1BD2A600B8469E /* Release */,
			);
			defaultConfigurationIsVisible = 0;
			defaultConfigurationName = Release;
		};
/* End XCConfigurationList section */
	};
	rootObject = 255957E41E1BD2A500B8469E /* Project object */;
}
